
Microsoft Visual Studio Solution File, Format Version 12.00
# Visual Studio Version 16
VisualStudioVersion = 16.0.30804.86
MinimumVisualStudioVersion = 10.0.40219.1
Project("{FAE04EC0-301F-11D3-BF4B-00C04F79EFBC}") = "V.EfCoreIssue", "V.EfCoreIssue\V.EfCoreIssue.csproj", "{60DE42D2-3EE4-4DBF-A5C1-013827DD0FE7}"
EndProject
Project("{FAE04EC0-301F-11D3-BF4B-00C04F79EFBC}") = "V.EfCoreIssueNet50", "V.EfCoreIssueNet50\V.EfCoreIssueNet50.csproj", "{888E76C2-8562-425F-9AA2-F7458717E859}"
EndProject
Global
	GlobalSection(SolutionConfigurationPlatforms) = preSolution
		Debug|Any CPU = Debug|Any CPU
		Release|Any CPU = Release|Any CPU
	EndGlobalSection
	GlobalSection(ProjectConfigurationPlatforms) = postSolution
		{60DE42D2-3EE4-4DBF-A5C1-013827DD0FE7}.Debug|Any CPU.ActiveCfg = Debug|Any CPU
		{60DE42D2-3EE4-4DBF-A5C1-013827DD0FE7}.Debug|Any CPU.Build.0 = Debug|Any CPU
		{60DE42D2-3EE4-4DBF-A5C1-013827DD0FE7}.Release|Any CPU.ActiveCfg = Release|Any CPU
		{60DE42D2-3EE4-4DBF-A5C1-013827DD0FE7}.Release|Any CPU.Build.0 = Release|Any CPU
		{888E76C2-8562-425F-9AA2-F7458717E859}.Debug|Any CPU.ActiveCfg = Debug|Any CPU
		{888E76C2-8562-425F-9AA2-F7458717E859}.Debug|Any CPU.Build.0 = Debug|Any CPU
		{888E76C2-8562-425F-9AA2-F7458717E859}.Release|Any CPU.ActiveCfg = Release|Any CPU
		{888E76C2-8562-425F-9AA2-F7458717E859}.Release|Any CPU.Build.0 = Release|Any CPU
	EndGlobalSection
	GlobalSection(SolutionProperties) = preSolution
		HideSolutionNode = FALSE
	EndGlobalSection
	GlobalSection(ExtensibilityGlobals) = postSolution
		SolutionGuid = {30AA30BD-2B43-44C8-B575-29B7DE39BA95}
	EndGlobalSection
EndGlobal
